// !$*UTF8*$!
{
	archiveVersion = 1;
	classes = {
	};
	objectVersion = 77;
	objects = {

/* Begin PBXCopyFilesBuildPhase section */
		BE067D102D784D8B007F5FC5 /* CopyFiles */ = {
			isa = PBXCopyFilesBuildPhase;
			buildActionMask = 2147483647;
			dstPath = /usr/share/man/man1/;
			dstSubfolderSpec = 0;
			files = (
			);
			runOnlyForDeploymentPostprocessing = 1;
		};
		BE067DC92D7EE482007F5FC5 /* CopyFiles */ = {
			isa = PBXCopyFilesBuildPhase;
			buildActionMask = 2147483647;
			dstPath = /usr/share/man/man1/;
			dstSubfolderSpec = 0;
			files = (
			);
			runOnlyForDeploymentPostprocessing = 1;
		};
		BEC39A7F2D75E06C008E4B7A /* CopyFiles */ = {
			isa = PBXCopyFilesBuildPhase;
			buildActionMask = 2147483647;
			dstPath = /usr/share/man/man1/;
			dstSubfolderSpec = 0;
			files = (
			);
			runOnlyForDeploymentPostprocessing = 1;
		};
/* End PBXCopyFilesBuildPhase section */

/* Begin PBXFileReference section */
		BE067D122D784D8B007F5FC5 /* W1T3 */ = {isa = PBXFileReference; explicitFileType = "compiled.mach-o.executable"; includeInIndex = 0; name = W1T3; path = /Users/maltesteinlandt/Documents/CodingChallenge/CodingChallenges/build/Debug/W1T3; sourceTree = "<absolute>"; };
		BE067DCB2D7EE482007F5FC5 /* W2T1 Coding */ = {isa = PBXFileReference; explicitFileType = "compiled.mach-o.executable"; includeInIndex = 0; path = "W2T1 Coding"; sourceTree = BUILT_PRODUCTS_DIR; };
		BEC39A812D75E06C008E4B7A /* CodingChallenges */ = {isa = PBXFileReference; explicitFileType = "compiled.mach-o.executable"; includeInIndex = 0; path = CodingChallenges; sourceTree = BUILT_PRODUCTS_DIR; };
/* End PBXFileReference section */

/* Begin PBXFileSystemSynchronizedBuildFileExceptionSet section */
		BE067DE02D7EE51F007F5FC5 /* Exceptions for "CodingChallenges" folder in "CodingChallenges" target */ = {
			isa = PBXFileSystemSynchronizedBuildFileExceptionSet;
			membershipExceptions = (
				main.swift,
			);
			target = BEC39A802D75E06C008E4B7A /* CodingChallenges */;
		};
		BE067DE12D7EE51F007F5FC5 /* Exceptions for "CodingChallenges" folder in "W1T3" target */ = {
			isa = PBXFileSystemSynchronizedBuildFileExceptionSet;
			membershipExceptions = (
				main.swift,
			);
			target = BE067D112D784D8B007F5FC5 /* W1T3 */;
		};
		BE067DE52D7EE528007F5FC5 /* Exceptions for "W2T1 Coding" folder in "W1T3" target */ = {
			isa = PBXFileSystemSynchronizedBuildFileExceptionSet;
			membershipExceptions = (
				main.swift,
			);
			target = BE067D112D784D8B007F5FC5 /* W1T3 */;
		};
		BE067DE62D7EE528007F5FC5 /* Exceptions for "W2T1 Coding" folder in "W2T1 Coding" target */ = {
			isa = PBXFileSystemSynchronizedBuildFileExceptionSet;
			membershipExceptions = (
				main.swift,
			);
			target = BE067DCA2D7EE482007F5FC5 /* W2T1 Coding */;
		};
/* End PBXFileSystemSynchronizedBuildFileExceptionSet section */

/* Begin PBXFileSystemSynchronizedRootGroup section */
		BE067D132D784D8B007F5FC5 /* W1T3 */ = {
			isa = PBXFileSystemSynchronizedRootGroup;
			path = W1T3;
			sourceTree = "<group>";
		};
		BE067DC62D7EE3DC007F5FC5 /* W2 */ = {
			isa = PBXFileSystemSynchronizedRootGroup;
			path = W2;
			sourceTree = "<group>";
		};
		BE067DDE2D7EE51F007F5FC5 /* CodingChallenges */ = {
			isa = PBXFileSystemSynchronizedRootGroup;
			exceptions = (
				BE067DE02D7EE51F007F5FC5 /* Exceptions for "CodingChallenges" folder in "CodingChallenges" target */,
				BE067DE12D7EE51F007F5FC5 /* Exceptions for "CodingChallenges" folder in "W1T3" target */,
			);
			path = CodingChallenges;
			sourceTree = "<group>";
		};
		BE067DE32D7EE528007F5FC5 /* W2T1 Coding */ = {
			isa = PBXFileSystemSynchronizedRootGroup;
			exceptions = (
				BE067DE52D7EE528007F5FC5 /* Exceptions for "W2T1 Coding" folder in "W1T3" target */,
				BE067DE62D7EE528007F5FC5 /* Exceptions for "W2T1 Coding" folder in "W2T1 Coding" target */,
			);
			path = "W2T1 Coding";
			sourceTree = "<group>";
		};
/* End PBXFileSystemSynchronizedRootGroup section */

/* Begin PBXFrameworksBuildPhase section */
		BE067D0F2D784D8B007F5FC5 /* Frameworks */ = {
			isa = PBXFrameworksBuildPhase;
			buildActionMask = 2147483647;
			files = (
			);
			runOnlyForDeploymentPostprocessing = 0;
		};
		BE067DC82D7EE482007F5FC5 /* Frameworks */ = {
			isa = PBXFrameworksBuildPhase;
			buildActionMask = 2147483647;
			files = (
			);
			runOnlyForDeploymentPostprocessing = 0;
		};
		BEC39A7E2D75E06C008E4B7A /* Frameworks */ = {
			isa = PBXFrameworksBuildPhase;
			buildActionMask = 2147483647;
			files = (
			);
			runOnlyForDeploymentPostprocessing = 0;
		};
/* End PBXFrameworksBuildPhase section */

/* Begin PBXGroup section */
		BEC39A782D75E06C008E4B7A = {
			isa = PBXGroup;
			children = (
				BE067DDE2D7EE51F007F5FC5 /* CodingChallenges */,
				BE067DC62D7EE3DC007F5FC5 /* W2 */,
				BEC39A822D75E06C008E4B7A /* Products */,
				BE067D132D784D8B007F5FC5 /* W1T3 */,
				BE067DE32D7EE528007F5FC5 /* W2T1 Coding */,
			);
			sourceTree = "<group>";
		};
		BEC39A822D75E06C008E4B7A /* Products */ = {
			isa = PBXGroup;
			children = (
				BEC39A812D75E06C008E4B7A /* CodingChallenges */,
				BE067DCB2D7EE482007F5FC5 /* W2T1 Coding */,
			);
			name = Products;
			sourceTree = "<group>";
		};
/* End PBXGroup section */

/* Begin PBXNativeTarget section */
		BE067D112D784D8B007F5FC5 /* W1T3 */ = {
			isa = PBXNativeTarget;
			buildConfigurationList = BE067D182D784D8B007F5FC5 /* Build configuration list for PBXNativeTarget "W1T3" */;
			buildPhases = (
				BE067D0E2D784D8B007F5FC5 /* Sources */,
				BE067D0F2D784D8B007F5FC5 /* Frameworks */,
				BE067D102D784D8B007F5FC5 /* CopyFiles */,
			);
			buildRules = (
			);
			dependencies = (
			);
			fileSystemSynchronizedGroups = (
				BE067D132D784D8B007F5FC5 /* W1T3 */,
				BE067DDE2D7EE51F007F5FC5 /* CodingChallenges */,
				BE067DE32D7EE528007F5FC5 /* W2T1 Coding */,
			);
			name = W1T3;
			packageProductDependencies = (
			);
			productName = W1T3;
			productReference = BE067D122D784D8B007F5FC5 /* W1T3 */;
			productType = "com.apple.product-type.tool";
		};
		BE067DCA2D7EE482007F5FC5 /* W2T1 Coding */ = {
			isa = PBXNativeTarget;
			buildConfigurationList = BE067DCF2D7EE482007F5FC5 /* Build configuration list for PBXNativeTarget "W2T1 Coding" */;
			buildPhases = (
				BE067DC72D7EE482007F5FC5 /* Sources */,
				BE067DC82D7EE482007F5FC5 /* Frameworks */,
				BE067DC92D7EE482007F5FC5 /* CopyFiles */,
			);
			buildRules = (
			);
			dependencies = (
			);
			name = "W2T1 Coding";
			packageProductDependencies = (
			);
			productName = "W2T1 Coding";
			productReference = BE067DCB2D7EE482007F5FC5 /* W2T1 Coding */;
			productType = "com.apple.product-type.tool";
		};
		BEC39A802D75E06C008E4B7A /* CodingChallenges */ = {
			isa = PBXNativeTarget;
			buildConfigurationList = BEC39A882D75E06C008E4B7A /* Build configuration list for PBXNativeTarget "CodingChallenges" */;
			buildPhases = (
				BEC39A7D2D75E06C008E4B7A /* Sources */,
				BEC39A7E2D75E06C008E4B7A /* Frameworks */,
				BEC39A7F2D75E06C008E4B7A /* CopyFiles */,
			);
			buildRules = (
			);
			dependencies = (
			);
			fileSystemSynchronizedGroups = (
				BE067DC62D7EE3DC007F5FC5 /* W2 */,
			);
			name = CodingChallenges;
			packageProductDependencies = (
			);
			productName = CodingChallenges;
			productReference = BEC39A812D75E06C008E4B7A /* CodingChallenges */;
			productType = "com.apple.product-type.tool";
		};
/* End PBXNativeTarget section */

/* Begin PBXProject section */
		BEC39A792D75E06C008E4B7A /* Project object */ = {
			isa = PBXProject;
			attributes = {
				BuildIndependentTargetsInParallel = 1;
				LastSwiftUpdateCheck = 1620;
				LastUpgradeCheck = 1620;
				TargetAttributes = {
					BE067D112D784D8B007F5FC5 = {
						CreatedOnToolsVersion = 16.2;
					};
					BE067DCA2D7EE482007F5FC5 = {
						CreatedOnToolsVersion = 16.2;
					};
					BEC39A802D75E06C008E4B7A = {
						CreatedOnToolsVersion = 16.2;
					};
				};
			};
			buildConfigurationList = BEC39A7C2D75E06C008E4B7A /* Build configuration list for PBXProject "CodingChallenges" */;
			developmentRegion = en;
			hasScannedForEncodings = 0;
			knownRegions = (
				en,
				Base,
			);
			mainGroup = BEC39A782D75E06C008E4B7A;
			minimizedProjectReferenceProxies = 1;
			preferredProjectObjectVersion = 77;
			productRefGroup = BEC39A822D75E06C008E4B7A /* Products */;
			projectDirPath = "";
			projectRoot = "";
			targets = (
				BEC39A802D75E06C008E4B7A /* CodingChallenges */,
				BE067D112D784D8B007F5FC5 /* W1T3 */,
				BE067DCA2D7EE482007F5FC5 /* W2T1 Coding */,
			);
		};
/* End PBXProject section */

/* Begin PBXSourcesBuildPhase section */
		BE067D0E2D784D8B007F5FC5 /* Sources */ = {
			isa = PBXSourcesBuildPhase;
			buildActionMask = 2147483647;
			files = (
			);
			runOnlyForDeploymentPostprocessing = 0;
		};
		BE067DC72D7EE482007F5FC5 /* Sources */ = {
			isa = PBXSourcesBuildPhase;
			buildActionMask = 2147483647;
			files = (
			);
			runOnlyForDeploymentPostprocessing = 0;
		};
		BEC39A7D2D75E06C008E4B7A /* Sources */ = {
			isa = PBXSourcesBuildPhase;
			buildActionMask = 2147483647;
			files = (
			);
			runOnlyForDeploymentPostprocessing = 0;
		};
/* End PBXSourcesBuildPhase section */

/* Begin XCBuildConfiguration section */
		BE067D162D784D8B007F5FC5 /* Debug */ = {
			isa = XCBuildConfiguration;
			buildSettings = {
				CODE_SIGN_STYLE = Automatic;
				PRODUCT_NAME = "$(TARGET_NAME)";
				SWIFT_VERSION = 5.0;
			};
			name = Debug;
		};
		BE067D172D784D8B007F5FC5 /* Release */ = {
			isa = XCBuildConfiguration;
			buildSettings = {
				CODE_SIGN_STYLE = Automatic;
				PRODUCT_NAME = "$(TARGET_NAME)";
				SWIFT_VERSION = 5.0;
			};
			name = Release;
		};
		BE067DD02D7EE482007F5FC5 /* Debug */ = {
			isa = XCBuildConfiguration;
			buildSettings = {
				CODE_SIGN_STYLE = Automatic;
				PRODUCT_NAME = "$(TARGET_NAME)";
				SWIFT_VERSION = 5.0;
			};
			name = Debug;
		};
		BE067DD12D7EE482007F5FC5 /* Release */ = {
			isa = XCBuildConfiguration;
			buildSettings = {
				CODE_SIGN_STYLE = Automatic;
				PRODUCT_NAME = "$(TARGET_NAME)";
				SWIFT_VERSION = 5.0;
			};
			name = Release;
		};
		BEC39A862D75E06C008E4B7A /* Debug */ = {
			isa = XCBuildConfiguration;
			buildSettings = {
				ALWAYS_SEARCH_USER_PATHS = NO;
				ASSETCATALOG_COMPILER_GENERATE_SWIFT_ASSET_SYMBOL_EXTENSIONS = YES;
				CLANG_ANALYZER_NONNULL = YES;
				CLANG_ANALYZER_NUMBER_OBJECT_CONVERSION = YES_AGGRESSIVE;
				CLANG_CXX_LANGUAGE_STANDARD = "gnu++20";
				CLANG_ENABLE_MODULES = YES;
				CLANG_ENABLE_OBJC_ARC = YES;
				CLANG_ENABLE_OBJC_WEAK = YES;
				CLANG_WARN_BLOCK_CAPTURE_AUTORELEASING = YES;
				CLANG_WARN_BOOL_CONVERSION = YES;
				CLANG_WARN_COMMA = YES;
				CLANG_WARN_CONSTANT_CONVERSION = YES;
				CLANG_WARN_DEPRECATED_OBJC_IMPLEMENTATIONS = YES;
				CLANG_WARN_DIRECT_OBJC_ISA_USAGE = YES_ERROR;
				CLANG_WARN_DOCUMENTATION_COMMENTS = YES;
				CLANG_WARN_EMPTY_BODY = YES;
				CLANG_WARN_ENUM_CONVERSION = YES;
				CLANG_WARN_INFINITE_RECURSION = YES;
				CLANG_WARN_INT_CONVERSION = YES;
				CLANG_WARN_NON_LITERAL_NULL_CONVERSION = YES;
				CLANG_WARN_OBJC_IMPLICIT_RETAIN_SELF = YES;
				CLANG_WARN_OBJC_LITERAL_CONVERSION = YES;
				CLANG_WARN_OBJC_ROOT_CLASS = YES_ERROR;
				CLANG_WARN_QUOTED_INCLUDE_IN_FRAMEWORK_HEADER = YES;
				CLANG_WARN_RANGE_LOOP_ANALYSIS = YES;
				CLANG_WARN_STRICT_PROTOTYPES = YES;
				CLANG_WARN_SUSPICIOUS_MOVE = YES;
				CLANG_WARN_UNGUARDED_AVAILABILITY = YES_AGGRESSIVE;
				CLANG_WARN_UNREACHABLE_CODE = YES;
				CLANG_WARN__DUPLICATE_METHOD_MATCH = YES;
				COPY_PHASE_STRIP = NO;
				DEBUG_INFORMATION_FORMAT = dwarf;
				ENABLE_STRICT_OBJC_MSGSEND = YES;
				ENABLE_TESTABILITY = YES;
				ENABLE_USER_SCRIPT_SANDBOXING = YES;
				GCC_C_LANGUAGE_STANDARD = gnu17;
				GCC_DYNAMIC_NO_PIC = NO;
				GCC_NO_COMMON_BLOCKS = YES;
				GCC_OPTIMIZATION_LEVEL = 0;
				GCC_PREPROCESSOR_DEFINITIONS = (
					"DEBUG=1",
					"$(inherited)",
				);
				GCC_WARN_64_TO_32_BIT_CONVERSION = YES;
				GCC_WARN_ABOUT_RETURN_TYPE = YES_ERROR;
				GCC_WARN_UNDECLARED_SELECTOR = YES;
				GCC_WARN_UNINITIALIZED_AUTOS = YES_AGGRESSIVE;
				GCC_WARN_UNUSED_FUNCTION = YES;
				GCC_WARN_UNUSED_VARIABLE = YES;
				LOCALIZATION_PREFERS_STRING_CATALOGS = YES;
				MACOSX_DEPLOYMENT_TARGET = 15.2;
				MTL_ENABLE_DEBUG_INFO = INCLUDE_SOURCE;
				MTL_FAST_MATH = YES;
				ONLY_ACTIVE_ARCH = YES;
				SDKROOT = macosx;
				SWIFT_ACTIVE_COMPILATION_CONDITIONS = "DEBUG $(inherited)";
				SWIFT_OPTIMIZATION_LEVEL = "-Onone";
			};
			name = Debug;
		};
		BEC39A872D75E06C008E4B7A /* Release */ = {
			isa = XCBuildConfiguration;
			buildSettings = {
				ALWAYS_SEARCH_USER_PATHS = NO;
				ASSETCATALOG_COMPILER_GENERATE_SWIFT_ASSET_SYMBOL_EXTENSIONS = YES;
				CLANG_ANALYZER_NONNULL = YES;
				CLANG_ANALYZER_NUMBER_OBJECT_CONVERSION = YES_AGGRESSIVE;
				CLANG_CXX_LANGUAGE_STANDARD = "gnu++20";
				CLANG_ENABLE_MODULES = YES;
				CLANG_ENABLE_OBJC_ARC = YES;
				CLANG_ENABLE_OBJC_WEAK = YES;
				CLANG_WARN_BLOCK_CAPTURE_AUTORELEASING = YES;
				CLANG_WARN_BOOL_CONVERSION = YES;
				CLANG_WARN_COMMA = YES;
				CLANG_WARN_CONSTANT_CONVERSION = YES;
				CLANG_WARN_DEPRECATED_OBJC_IMPLEMENTATIONS = YES;
				CLANG_WARN_DIRECT_OBJC_ISA_USAGE = YES_ERROR;
				CLANG_WARN_DOCUMENTATION_COMMENTS = YES;
				CLANG_WARN_EMPTY_BODY = YES;
				CLANG_WARN_ENUM_CONVERSION = YES;
				CLANG_WARN_INFINITE_RECURSION = YES;
				CLANG_WARN_INT_CONVERSION = YES;
				CLANG_WARN_NON_LITERAL_NULL_CONVERSION = YES;
				CLANG_WARN_OBJC_IMPLICIT_RETAIN_SELF = YES;
				CLANG_WARN_OBJC_LITERAL_CONVERSION = YES;
				CLANG_WARN_OBJC_ROOT_CLASS = YES_ERROR;
				CLANG_WARN_QUOTED_INCLUDE_IN_FRAMEWORK_HEADER = YES;
				CLANG_WARN_RANGE_LOOP_ANALYSIS = YES;
				CLANG_WARN_STRICT_PROTOTYPES = YES;
				CLANG_WARN_SUSPICIOUS_MOVE = YES;
				CLANG_WARN_UNGUARDED_AVAILABILITY = YES_AGGRESSIVE;
				CLANG_WARN_UNREACHABLE_CODE = YES;
				CLANG_WARN__DUPLICATE_METHOD_MATCH = YES;
				COPY_PHASE_STRIP = NO;
				DEBUG_INFORMATION_FORMAT = "dwarf-with-dsym";
				ENABLE_NS_ASSERTIONS = NO;
				ENABLE_STRICT_OBJC_MSGSEND = YES;
				ENABLE_USER_SCRIPT_SANDBOXING = YES;
				GCC_C_LANGUAGE_STANDARD = gnu17;
				GCC_NO_COMMON_BLOCKS = YES;
				GCC_WARN_64_TO_32_BIT_CONVERSION = YES;
				GCC_WARN_ABOUT_RETURN_TYPE = YES_ERROR;
				GCC_WARN_UNDECLARED_SELECTOR = YES;
				GCC_WARN_UNINITIALIZED_AUTOS = YES_AGGRESSIVE;
				GCC_WARN_UNUSED_FUNCTION = YES;
				GCC_WARN_UNUSED_VARIABLE = YES;
				LOCALIZATION_PREFERS_STRING_CATALOGS = YES;
				MACOSX_DEPLOYMENT_TARGET = 15.2;
				MTL_ENABLE_DEBUG_INFO = NO;
				MTL_FAST_MATH = YES;
				SDKROOT = macosx;
				SWIFT_COMPILATION_MODE = wholemodule;
			};
			name = Release;
		};
		BEC39A892D75E06C008E4B7A /* Debug */ = {
			isa = XCBuildConfiguration;
			buildSettings = {
				CODE_SIGN_STYLE = Automatic;
				PRODUCT_NAME = "$(TARGET_NAME)";
				SWIFT_VERSION = 5.0;
			};
			name = Debug;
		};
		BEC39A8A2D75E06C008E4B7A /* Release */ = {
			isa = XCBuildConfiguration;
			buildSettings = {
				CODE_SIGN_STYLE = Automatic;
				PRODUCT_NAME = "$(TARGET_NAME)";
				SWIFT_VERSION = 5.0;
			};
			name = Release;
		};
/* End XCBuildConfiguration section */

/* Begin XCConfigurationList section */
		BE067D182D784D8B007F5FC5 /* Build configuration list for PBXNativeTarget "W1T3" */ = {
			isa = XCConfigurationList;
			buildConfigurations = (
				BE067D162D784D8B007F5FC5 /* Debug */,
				BE067D172D784D8B007F5FC5 /* Release */,
			);
			defaultConfigurationIsVisible = 0;
			defaultConfigurationName = Release;
		};
		BE067DCF2D7EE482007F5FC5 /* Build configuration list for PBXNativeTarget "W2T1 Coding" */ = {
			isa = XCConfigurationList;
			buildConfigurations = (
				BE067DD02D7EE482007F5FC5 /* Debug */,
				BE067DD12D7EE482007F5FC5 /* Release */,
			);
			defaultConfigurationIsVisible = 0;
			defaultConfigurationName = Release;
		};
		BEC39A7C2D75E06C008E4B7A /* Build configuration list for PBXProject "CodingChallenges" */ = {
			isa = XCConfigurationList;
			buildConfigurations = (
				BEC39A862D75E06C008E4B7A /* Debug */,
				BEC39A872D75E06C008E4B7A /* Release */,
			);
			defaultConfigurationIsVisible = 0;
			defaultConfigurationName = Release;
		};
		BEC39A882D75E06C008E4B7A /* Build configuration list for PBXNativeTarget "CodingChallenges" */ = {
			isa = XCConfigurationList;
			buildConfigurations = (
				BEC39A892D75E06C008E4B7A /* Debug */,
				BEC39A8A2D75E06C008E4B7A /* Release */,
			);
			defaultConfigurationIsVisible = 0;
			defaultConfigurationName = Release;
		};
/* End XCConfigurationList section */
	};
	rootObject = BEC39A792D75E06C008E4B7A /* Project object */;
}
